// !$*UTF8*$!
{
	archiveVersion = 1;
	classes = {
	};
	objectVersion = 46;
	objects = {

/* Begin PBXBuildFile section */
		8B7AF347F5D49B89E6096D9B /* Pods_Diego.framework in Frameworks */ = {isa = PBXBuildFile; fileRef = 790F0C6E6D38CF5AED0EC3DC /* Pods_Diego.framework */; };
		CAA3765B1DCEC01600B75CDD /* TesseractOCR.framework in Frameworks */ = {isa = PBXBuildFile; fileRef = CAA3765A1DCEC01600B75CDD /* TesseractOCR.framework */; };
		CAA3765D1DD02EC700B75CDD /* tessdata in Resources */ = {isa = PBXBuildFile; fileRef = CAA3765C1DD02EC700B75CDD /* tessdata */; };
		CAA3765F1DD02F2900B75CDD /* CoreImage.framework in Frameworks */ = {isa = PBXBuildFile; fileRef = CAA3765E1DD02F2900B75CDD /* CoreImage.framework */; };
		CAA376611DD02F6700B75CDD /* libstdc++.6.0.9.tbd in Frameworks */ = {isa = PBXBuildFile; fileRef = CAA376601DD02F6700B75CDD /* libstdc++.6.0.9.tbd */; };
		CAB50C3B1DCEAA480087FB41 /* AppDelegate.swift in Sources */ = {isa = PBXBuildFile; fileRef = CAB50C3A1DCEAA480087FB41 /* AppDelegate.swift */; };
		CAB50C3D1DCEAA480087FB41 /* ViewController.swift in Sources */ = {isa = PBXBuildFile; fileRef = CAB50C3C1DCEAA480087FB41 /* ViewController.swift */; };
		CAB50C401DCEAA480087FB41 /* Main.storyboard in Resources */ = {isa = PBXBuildFile; fileRef = CAB50C3E1DCEAA480087FB41 /* Main.storyboard */; };
		CAB50C421DCEAA480087FB41 /* Assets.xcassets in Resources */ = {isa = PBXBuildFile; fileRef = CAB50C411DCEAA480087FB41 /* Assets.xcassets */; };
		CAB50C451DCEAA480087FB41 /* LaunchScreen.storyboard in Resources */ = {isa = PBXBuildFile; fileRef = CAB50C431DCEAA480087FB41 /* LaunchScreen.storyboard */; };
/* End PBXBuildFile section */

/* Begin PBXFileReference section */
		60DFE02B9212007E8AE55734 /* Pods-Diego.release.xcconfig */ = {isa = PBXFileReference; includeInIndex = 1; lastKnownFileType = text.xcconfig; name = "Pods-Diego.release.xcconfig"; path = "Pods/Target Support Files/Pods-Diego/Pods-Diego.release.xcconfig"; sourceTree = "<group>"; };
		790F0C6E6D38CF5AED0EC3DC /* Pods_Diego.framework */ = {isa = PBXFileReference; explicitFileType = wrapper.framework; includeInIndex = 0; path = Pods_Diego.framework; sourceTree = BUILT_PRODUCTS_DIR; };
		CAA3765A1DCEC01600B75CDD /* TesseractOCR.framework */ = {isa = PBXFileReference; lastKnownFileType = wrapper.framework; name = TesseractOCR.framework; path = "../../../Library/Developer/Xcode/DerivedData/Diego-fmsapfudzwovwjecqnikywsmwvdz/Build/Products/Debug-iphoneos/TesseractOCRiOS/TesseractOCR.framework"; sourceTree = "<group>"; };
		CAA3765C1DD02EC700B75CDD /* tessdata */ = {isa = PBXFileReference; lastKnownFileType = folder; name = tessdata; path = "../../../../Downloads/OCR Tutorial Resources 2/Tesseract Resources/tessdata"; sourceTree = "<group>"; };
		CAA3765E1DD02F2900B75CDD /* CoreImage.framework */ = {isa = PBXFileReference; lastKnownFileType = wrapper.framework; name = CoreImage.framework; path = System/Library/Frameworks/CoreImage.framework; sourceTree = SDKROOT; };
		CAA376601DD02F6700B75CDD /* libstdc++.6.0.9.tbd */ = {isa = PBXFileReference; lastKnownFileType = "sourcecode.text-based-dylib-definition"; name = "libstdc++.6.0.9.tbd"; path = "usr/lib/libstdc++.6.0.9.tbd"; sourceTree = SDKROOT; };
		CAA376621DD0374400B75CDD /* Diego-Bridging-Header.h */ = {isa = PBXFileReference; lastKnownFileType = sourcecode.c.h; path = "Diego-Bridging-Header.h"; sourceTree = "<group>"; };
		CAB50C371DCEAA480087FB41 /* Diego.app */ = {isa = PBXFileReference; explicitFileType = wrapper.application; includeInIndex = 0; path = Diego.app; sourceTree = BUILT_PRODUCTS_DIR; };
		CAB50C3A1DCEAA480087FB41 /* AppDelegate.swift */ = {isa = PBXFileReference; lastKnownFileType = sourcecode.swift; path = AppDelegate.swift; sourceTree = "<group>"; };
		CAB50C3C1DCEAA480087FB41 /* ViewController.swift */ = {isa = PBXFileReference; lastKnownFileType = sourcecode.swift; path = ViewController.swift; sourceTree = "<group>"; };
		CAB50C3F1DCEAA480087FB41 /* Base */ = {isa = PBXFileReference; lastKnownFileType = file.storyboard; name = Base; path = Base.lproj/Main.storyboard; sourceTree = "<group>"; };
		CAB50C411DCEAA480087FB41 /* Assets.xcassets */ = {isa = PBXFileReference; lastKnownFileType = folder.assetcatalog; path = Assets.xcassets; sourceTree = "<group>"; };
		CAB50C441DCEAA480087FB41 /* Base */ = {isa = PBXFileReference; lastKnownFileType = file.storyboard; name = Base; path = Base.lproj/LaunchScreen.storyboard; sourceTree = "<group>"; };
		CAB50C461DCEAA480087FB41 /* Info.plist */ = {isa = PBXFileReference; lastKnownFileType = text.plist.xml; path = Info.plist; sourceTree = "<group>"; };
		ED44D5D1B3DC1E802A873026 /* Pods-Diego.debug.xcconfig */ = {isa = PBXFileReference; includeInIndex = 1; lastKnownFileType = text.xcconfig; name = "Pods-Diego.debug.xcconfig"; path = "Pods/Target Support Files/Pods-Diego/Pods-Diego.debug.xcconfig"; sourceTree = "<group>"; };
/* End PBXFileReference section */

/* Begin PBXFrameworksBuildPhase section */
		CAB50C341DCEAA480087FB41 /* Frameworks */ = {
			isa = PBXFrameworksBuildPhase;
			buildActionMask = 2147483647;
			files = (
				CAA376611DD02F6700B75CDD /* libstdc++.6.0.9.tbd in Frameworks */,
				CAA3765F1DD02F2900B75CDD /* CoreImage.framework in Frameworks */,
				CAA3765B1DCEC01600B75CDD /* TesseractOCR.framework in Frameworks */,
				8B7AF347F5D49B89E6096D9B /* Pods_Diego.framework in Frameworks */,
			);
			runOnlyForDeploymentPostprocessing = 0;
		};
/* End PBXFrameworksBuildPhase section */

/* Begin PBXGroup section */
		68AC6D1EF074E49A04CF842A /* Frameworks */ = {
			isa = PBXGroup;
			children = (
				CAA376601DD02F6700B75CDD /* libstdc++.6.0.9.tbd */,
				CAA3765E1DD02F2900B75CDD /* CoreImage.framework */,
				CAA3765A1DCEC01600B75CDD /* TesseractOCR.framework */,
				790F0C6E6D38CF5AED0EC3DC /* Pods_Diego.framework */,
			);
			name = Frameworks;
			sourceTree = "<group>";
		};
		CAB50C2E1DCEAA480087FB41 = {
			isa = PBXGroup;
			children = (
				CAB50C391DCEAA480087FB41 /* Diego */,
				CAB50C381DCEAA480087FB41 /* Products */,
				E8B22E587E9DE187B90476A8 /* Pods */,
				68AC6D1EF074E49A04CF842A /* Frameworks */,
			);
			sourceTree = "<group>";
		};
		CAB50C381DCEAA480087FB41 /* Products */ = {
			isa = PBXGroup;
			children = (
				CAB50C371DCEAA480087FB41 /* Diego.app */,
			);
			name = Products;
			sourceTree = "<group>";
		};
		CAB50C391DCEAA480087FB41 /* Diego */ = {
			isa = PBXGroup;
			children = (
				CAA3765C1DD02EC700B75CDD /* tessdata */,
				CAB50C3A1DCEAA480087FB41 /* AppDelegate.swift */,
				CAB50C3C1DCEAA480087FB41 /* ViewController.swift */,
				CAB50C3E1DCEAA480087FB41 /* Main.storyboard */,
				CAB50C411DCEAA480087FB41 /* Assets.xcassets */,
				CAB50C431DCEAA480087FB41 /* LaunchScreen.storyboard */,
				CAB50C461DCEAA480087FB41 /* Info.plist */,
				CAA376621DD0374400B75CDD /* Diego-Bridging-Header.h */,
			);
			path = Diego;
			sourceTree = "<group>";
		};
		E8B22E587E9DE187B90476A8 /* Pods */ = {
			isa = PBXGroup;
			children = (
				ED44D5D1B3DC1E802A873026 /* Pods-Diego.debug.xcconfig */,
				60DFE02B9212007E8AE55734 /* Pods-Diego.release.xcconfig */,
			);
			name = Pods;
			sourceTree = "<group>";
		};
/* End PBXGroup section */

/* Begin PBXNativeTarget section */
		CAB50C361DCEAA480087FB41 /* Diego */ = {
			isa = PBXNativeTarget;
			buildConfigurationList = CAB50C491DCEAA480087FB41 /* Build configuration list for PBXNativeTarget "Diego" */;
			buildPhases = (
				B7E87EB62438F4FA485F4334 /* 📦 Check Pods Manifest.lock */,
				CAB50C331DCEAA480087FB41 /* Sources */,
				CAB50C341DCEAA480087FB41 /* Frameworks */,
				CAB50C351DCEAA480087FB41 /* Resources */,
				CAE0B4503D09A97AA9EA2544 /* 📦 Embed Pods Frameworks */,
				9F56AF47ED72D82F1CA5C3A2 /* 📦 Copy Pods Resources */,
			);
			buildRules = (
			);
			dependencies = (
			);
			name = Diego;
			productName = Diego;
			productReference = CAB50C371DCEAA480087FB41 /* Diego.app */;
			productType = "com.apple.product-type.application";
		};
/* End PBXNativeTarget section */

/* Begin PBXProject section */
		CAB50C2F1DCEAA480087FB41 /* Project object */ = {
			isa = PBXProject;
			attributes = {
				LastSwiftUpdateCheck = 0810;
				LastUpgradeCheck = 0810;
				ORGANIZATIONNAME = "Carlos De la mora";
				TargetAttributes = {
					CAB50C361DCEAA480087FB41 = {
						CreatedOnToolsVersion = 8.1;
						DevelopmentTeam = 5PRK9NET39;
						LastSwiftMigration = 0810;
						ProvisioningStyle = Automatic;
					};
				};
			};
			buildConfigurationList = CAB50C321DCEAA480087FB41 /* Build configuration list for PBXProject "Diego" */;
			compatibilityVersion = "Xcode 3.2";
			developmentRegion = English;
			hasScannedForEncodings = 0;
			knownRegions = (
				en,
				Base,
			);
			mainGroup = CAB50C2E1DCEAA480087FB41;
			productRefGroup = CAB50C381DCEAA480087FB41 /* Products */;
			projectDirPath = "";
			projectRoot = "";
			targets = (
				CAB50C361DCEAA480087FB41 /* Diego */,
			);
		};
/* End PBXProject section */

/* Begin PBXResourcesBuildPhase section */
		CAB50C351DCEAA480087FB41 /* Resources */ = {
			isa = PBXResourcesBuildPhase;
			buildActionMask = 2147483647;
			files = (
				CAB50C451DCEAA480087FB41 /* LaunchScreen.storyboard in Resources */,
				CAA3765D1DD02EC700B75CDD /* tessdata in Resources */,
				CAB50C421DCEAA480087FB41 /* Assets.xcassets in Resources */,
				CAB50C401DCEAA480087FB41 /* Main.storyboard in Resources */,
			);
			runOnlyForDeploymentPostprocessing = 0;
		};
/* End PBXResourcesBuildPhase section */

/* Begin PBXShellScriptBuildPhase section */
		9F56AF47ED72D82F1CA5C3A2 /* 📦 Copy Pods Resources */ = {
			isa = PBXShellScriptBuildPhase;
			buildActionMask = 2147483647;
			files = (
			);
			inputPaths = (
			);
			name = "📦 Copy Pods Resources";
			outputPaths = (
			);
			runOnlyForDeploymentPostprocessing = 0;
			shellPath = /bin/sh;
			shellScript = "\"${SRCROOT}/Pods/Target Support Files/Pods-Diego/Pods-Diego-resources.sh\"\n";
			showEnvVarsInLog = 0;
		};
		B7E87EB62438F4FA485F4334 /* 📦 Check Pods Manifest.lock */ = {
			isa = PBXShellScriptBuildPhase;
			buildActionMask = 2147483647;
			files = (
			);
			inputPaths = (
			);
			name = "📦 Check Pods Manifest.lock";
			outputPaths = (
			);
			runOnlyForDeploymentPostprocessing = 0;
			shellPath = /bin/sh;
			shellScript = "diff \"${PODS_ROOT}/../Podfile.lock\" \"${PODS_ROOT}/Manifest.lock\" > /dev/null\nif [[ $? != 0 ]] ; then\n    cat << EOM\nerror: The sandbox is not in sync with the Podfile.lock. Run 'pod install' or update your CocoaPods installation.\nEOM\n    exit 1\nfi\n";
			showEnvVarsInLog = 0;
		};
		CAE0B4503D09A97AA9EA2544 /* 📦 Embed Pods Frameworks */ = {
			isa = PBXShellScriptBuildPhase;
			buildActionMask = 2147483647;
			files = (
			);
			inputPaths = (
			);
			name = "📦 Embed Pods Frameworks";
			outputPaths = (
			);
			runOnlyForDeploymentPostprocessing = 0;
			shellPath = /bin/sh;
			shellScript = "\"${SRCROOT}/Pods/Target Support Files/Pods-Diego/Pods-Diego-frameworks.sh\"\n";
			showEnvVarsInLog = 0;
		};
/* End PBXShellScriptBuildPhase section */

/* Begin PBXSourcesBuildPhase section */
		CAB50C331DCEAA480087FB41 /* Sources */ = {
			isa = PBXSourcesBuildPhase;
			buildActionMask = 2147483647;
			files = (
				CAB50C3D1DCEAA480087FB41 /* ViewController.swift in Sources */,
				CAB50C3B1DCEAA480087FB41 /* AppDelegate.swift in Sources */,
			);
			runOnlyForDeploymentPostprocessing = 0;
		};
/* End PBXSourcesBuildPhase section */

/* Begin PBXVariantGroup section */
		CAB50C3E1DCEAA480087FB41 /* Main.storyboard */ = {
			isa = PBXVariantGroup;
			children = (
				CAB50C3F1DCEAA480087FB41 /* Base */,
			);
			name = Main.storyboard;
			sourceTree = "<group>";
		};
		CAB50C431DCEAA480087FB41 /* LaunchScreen.storyboard */ = {
			isa = PBXVariantGroup;
			children = (
				CAB50C441DCEAA480087FB41 /* Base */,
			);
			name = LaunchScreen.storyboard;
			sourceTree = "<group>";
		};
/* End PBXVariantGroup section */

/* Begin XCBuildConfiguration section */
		CAB50C471DCEAA480087FB41 /* Debug */ = {
			isa = XCBuildConfiguration;
			buildSettings = {
				ALWAYS_SEARCH_USER_PATHS = NO;
				CLANG_ANALYZER_NONNULL = YES;
				CLANG_CXX_LANGUAGE_STANDARD = "gnu++0x";
				CLANG_CXX_LIBRARY = "libc++";
				CLANG_ENABLE_MODULES = YES;
				CLANG_ENABLE_OBJC_ARC = YES;
				CLANG_WARN_BOOL_CONVERSION = YES;
				CLANG_WARN_CONSTANT_CONVERSION = YES;
				CLANG_WARN_DIRECT_OBJC_ISA_USAGE = YES_ERROR;
				CLANG_WARN_DOCUMENTATION_COMMENTS = YES;
				CLANG_WARN_EMPTY_BODY = YES;
				CLANG_WARN_ENUM_CONVERSION = YES;
				CLANG_WARN_INFINITE_RECURSION = YES;
				CLANG_WARN_INT_CONVERSION = YES;
				CLANG_WARN_OBJC_ROOT_CLASS = YES_ERROR;
				CLANG_WARN_SUSPICIOUS_MOVES = YES;
				CLANG_WARN_UNREACHABLE_CODE = YES;
				CLANG_WARN__DUPLICATE_METHOD_MATCH = YES;
				"CODE_SIGN_IDENTITY[sdk=iphoneos*]" = "iPhone Developer";
				COPY_PHASE_STRIP = NO;
				DEBUG_INFORMATION_FORMAT = dwarf;
				ENABLE_STRICT_OBJC_MSGSEND = YES;
				ENABLE_TESTABILITY = YES;
				GCC_C_LANGUAGE_STANDARD = gnu99;
				GCC_DYNAMIC_NO_PIC = NO;
				GCC_NO_COMMON_BLOCKS = YES;
				GCC_OPTIMIZATION_LEVEL = 0;
				GCC_PREPROCESSOR_DEFINITIONS = (
					"DEBUG=1",
					"$(inherited)",
				);
				GCC_WARN_64_TO_32_BIT_CONVERSION = YES;
				GCC_WARN_ABOUT_RETURN_TYPE = YES_ERROR;
				GCC_WARN_UNDECLARED_SELECTOR = YES;
				GCC_WARN_UNINITIALIZED_AUTOS = YES_AGGRESSIVE;
				GCC_WARN_UNUSED_FUNCTION = YES;
				GCC_WARN_UNUSED_VARIABLE = YES;
				IPHONEOS_DEPLOYMENT_TARGET = 10.1;
				MTL_ENABLE_DEBUG_INFO = YES;
				ONLY_ACTIVE_ARCH = YES;
				SDKROOT = iphoneos;
				SWIFT_ACTIVE_COMPILATION_CONDITIONS = DEBUG;
				SWIFT_OPTIMIZATION_LEVEL = "-Onone";
				TARGETED_DEVICE_FAMILY = "1,2";
			};
			name = Debug;
		};
		CAB50C481DCEAA480087FB41 /* Release */ = {
			isa = XCBuildConfiguration;
			buildSettings = {
				ALWAYS_SEARCH_USER_PATHS = NO;
				CLANG_ANALYZER_NONNULL = YES;
				CLANG_CXX_LANGUAGE_STANDARD = "gnu++0x";
				CLANG_CXX_LIBRARY = "libc++";
				CLANG_ENABLE_MODULES = YES;
				CLANG_ENABLE_OBJC_ARC = YES;
				CLANG_WARN_BOOL_CONVERSION = YES;
				CLANG_WARN_CONSTANT_CONVERSION = YES;
				CLANG_WARN_DIRECT_OBJC_ISA_USAGE = YES_ERROR;
				CLANG_WARN_DOCUMENTATION_COMMENTS = YES;
				CLANG_WARN_EMPTY_BODY = YES;
				CLANG_WARN_ENUM_CONVERSION = YES;
				CLANG_WARN_INFINITE_RECURSION = YES;
				CLANG_WARN_INT_CONVERSION = YES;
				CLANG_WARN_OBJC_ROOT_CLASS = YES_ERROR;
				CLANG_WARN_SUSPICIOUS_MOVES = YES;
				CLANG_WARN_UNREACHABLE_CODE = YES;
				CLANG_WARN__DUPLICATE_METHOD_MATCH = YES;
				"CODE_SIGN_IDENTITY[sdk=iphoneos*]" = "iPhone Developer";
				COPY_PHASE_STRIP = NO;
				DEBUG_INFORMATION_FORMAT = "dwarf-with-dsym";
				ENABLE_NS_ASSERTIONS = NO;
				ENABLE_STRICT_OBJC_MSGSEND = YES;
				GCC_C_LANGUAGE_STANDARD = gnu99;
				GCC_NO_COMMON_BLOCKS = YES;
				GCC_WARN_64_TO_32_BIT_CONVERSION = YES;
				GCC_WARN_ABOUT_RETURN_TYPE = YES_ERROR;
				GCC_WARN_UNDECLARED_SELECTOR = YES;
				GCC_WARN_UNINITIALIZED_AUTOS = YES_AGGRESSIVE;
				GCC_WARN_UNUSED_FUNCTION = YES;
				GCC_WARN_UNUSED_VARIABLE = YES;
				IPHONEOS_DEPLOYMENT_TARGET = 10.1;
				MTL_ENABLE_DEBUG_INFO = NO;
				SDKROOT = iphoneos;
				SWIFT_OPTIMIZATION_LEVEL = "-Owholemodule";
				TARGETED_DEVICE_FAMILY = "1,2";
				VALIDATE_PRODUCT = YES;
			};
			name = Release;
		};
		CAB50C4A1DCEAA480087FB41 /* Debug */ = {
			isa = XCBuildConfiguration;
			baseConfigurationReference = ED44D5D1B3DC1E802A873026 /* Pods-Diego.debug.xcconfig */;
			buildSettings = {
				ASSETCATALOG_COMPILER_APPICON_NAME = AppIcon;
				CLANG_ENABLE_MODULES = YES;
				DEVELOPMENT_TEAM = 5PRK9NET39;
				ENABLE_BITCODE = NO;
				INFOPLIST_FILE = Diego/Info.plist;
				IPHONEOS_DEPLOYMENT_TARGET = 10.1;
				LD_RUNPATH_SEARCH_PATHS = "$(inherited) @executable_path/Frameworks";
				PRODUCT_BUNDLE_IDENTIFIER = noCompany.Diego;
				PRODUCT_NAME = "$(TARGET_NAME)";
				SWIFT_OBJC_BRIDGING_HEADER = "Diego/Diego-Bridging-Header.h";
				SWIFT_OPTIMIZATION_LEVEL = "-Onone";
				SWIFT_VERSION = 3.0;
			};
			name = Debug;
		};
		CAB50C4B1DCEAA480087FB41 /* Release */ = {
			isa = XCBuildConfiguration;
			baseConfigurationReference = 60DFE02B9212007E8AE55734 /* Pods-Diego.release.xcconfig */;
			buildSettings = {
				ASSETCATALOG_COMPILER_APPICON_NAME = AppIcon;
				CLANG_ENABLE_MODULES = YES;
				DEVELOPMENT_TEAM = 5PRK9NET39;
				ENABLE_BITCODE = NO;
				INFOPLIST_FILE = Diego/Info.plist;
				IPHONEOS_DEPLOYMENT_TARGET = 10.1;
				LD_RUNPATH_SEARCH_PATHS = "$(inherited) @executable_path/Frameworks";
				PRODUCT_BUNDLE_IDENTIFIER = noCompany.Diego;
				PRODUCT_NAME = "$(TARGET_NAME)";
				SWIFT_OBJC_BRIDGING_HEADER = "Diego/Diego-Bridging-Header.h";
				SWIFT_VERSION = 3.0;
			};
			name = Release;
		};
/* End XCBuildConfiguration section */

/* Begin XCConfigurationList section */
		CAB50C321DCEAA480087FB41 /* Build configuration list for PBXProject "Diego" */ = {
			isa = XCConfigurationList;
			buildConfigurations = (
				CAB50C471DCEAA480087FB41 /* Debug */,
				CAB50C481DCEAA480087FB41 /* Release */,
			);
			defaultConfigurationIsVisible = 0;
			defaultConfigurationName = Release;
		};
		CAB50C491DCEAA480087FB41 /* Build configuration list for PBXNativeTarget "Diego" */ = {
			isa = XCConfigurationList;
			buildConfigurations = (
				CAB50C4A1DCEAA480087FB41 /* Debug */,
				CAB50C4B1DCEAA480087FB41 /* Release */,
			);
			defaultConfigurationIsVisible = 0;
			defaultConfigurationName = Release;
		};
/* End XCConfigurationList section */
	};
	rootObject = CAB50C2F1DCEAA480087FB41 /* Project object */;
}
